
Microsoft Visual Studio Solution File, Format Version 12.00
# Visual Studio Version 17
VisualStudioVersion = 17.1.32407.343
MinimumVisualStudioVersion = 10.0.40219.1
Project("{9A19103F-16F7-4668-BE54-9A1E7A4F7556}") = "Seminar_Retail_NhanHang", "Seminar_Retail_NhanHang\Seminar_Retail_NhanHang.csproj", "{99D1D3CE-39AC-4049-A952-94297C41023C}"
EndProject
Project("{9A19103F-16F7-4668-BE54-9A1E7A4F7556}") = "API", "API\API.csproj", "{2E811ACF-3FE3-4225-B7BF-5CB333C1AE7B}"
EndProject
Global
	GlobalSection(SolutionConfigurationPlatforms) = preSolution
		Debug|Any CPU = Debug|Any CPU
		Release|Any CPU = Release|Any CPU
	EndGlobalSection
	GlobalSection(ProjectConfigurationPlatforms) = postSolution
		{99D1D3CE-39AC-4049-A952-94297C41023C}.Debug|Any CPU.ActiveCfg = Debug|Any CPU
		{99D1D3CE-39AC-4049-A952-94297C41023C}.Debug|Any CPU.Build.0 = Debug|Any CPU
		{99D1D3CE-39AC-4049-A952-94297C41023C}.Release|Any CPU.ActiveCfg = Release|Any CPU
		{99D1D3CE-39AC-4049-A952-94297C41023C}.Release|Any CPU.Build.0 = Release|Any CPU
		{2E811ACF-3FE3-4225-B7BF-5CB333C1AE7B}.Debug|Any CPU.ActiveCfg = Debug|Any CPU
		{2E811ACF-3FE3-4225-B7BF-5CB333C1AE7B}.Debug|Any CPU.Build.0 = Debug|Any CPU
		{2E811ACF-3FE3-4225-B7BF-5CB333C1AE7B}.Release|Any CPU.ActiveCfg = Release|Any CPU
		{2E811ACF-3FE3-4225-B7BF-5CB333C1AE7B}.Release|Any CPU.Build.0 = Release|Any CPU
	EndGlobalSection
	GlobalSection(SolutionProperties) = preSolution
		HideSolutionNode = FALSE
	EndGlobalSection
	GlobalSection(ExtensibilityGlobals) = postSolution
		SolutionGuid = {7C219ED7-10A1-45DB-9D3E-F5E101E230F9}
	EndGlobalSection
EndGlobal
